
Microsoft Visual Studio Solution File, Format Version 12.00
# Visual Studio Version 17
VisualStudioVersion = 17.1.32414.318
MinimumVisualStudioVersion = 10.0.40219.1
Project("{FAE04EC0-301F-11D3-BF4B-00C04F79EFBC}") = "WinFormsApp1", "WinFormsApp1.csproj", "{720B13B5-F998-48E5-8120-E83DCBF19EA3}"
EndProject
Global
	GlobalSection(SolutionConfigurationPlatforms) = preSolution
		Debug|Any CPU = Debug|Any CPU
		Release|Any CPU = Release|Any CPU
	EndGlobalSection
	GlobalSection(ProjectConfigurationPlatforms) = postSolution
		{720B13B5-F998-48E5-8120-E83DCBF19EA3}.Debug|Any CPU.ActiveCfg = Debug|Any CPU
		{720B13B5-F998-48E5-8120-E83DCBF19EA3}.Debug|Any CPU.Build.0 = Debug|Any CPU
		{720B13B5-F998-48E5-8120-E83DCBF19EA3}.Release|Any CPU.ActiveCfg = Release|Any CPU
		{720B13B5-F998-48E5-8120-E83DCBF19EA3}.Release|Any CPU.Build.0 = Release|Any CPU
	EndGlobalSection
	GlobalSection(SolutionProperties) = preSolution
		HideSolutionNode = FALSE
	EndGlobalSection
	GlobalSection(ExtensibilityGlobals) = postSolution
		SolutionGuid = {0EE7156F-6D3F-470A-AA8B-9B9DA411A9D2}
	EndGlobalSection
EndGlobal
