
Microsoft Visual Studio Solution File, Format Version 12.00
# Visual Studio Version 17
VisualStudioVersion = 17.1.32414.318
MinimumVisualStudioVersion = 10.0.40219.1
Project("{9A19103F-16F7-4668-BE54-9A1E7A4F7556}") = "lab1", "lab1.csproj", "{F414F9A4-2E47-412E-AF2E-C4626E48857C}"
EndProject
Project("{FAE04EC0-301F-11D3-BF4B-00C04F79EFBC}") = "TestProject1", "..\TestProject1\TestProject1.csproj", "{7E4CCD3F-8392-4F97-8BB7-52F50C95ADA8}"
EndProject
Global
	GlobalSection(SolutionConfigurationPlatforms) = preSolution
		Debug|Any CPU = Debug|Any CPU
		Release|Any CPU = Release|Any CPU
	EndGlobalSection
	GlobalSection(ProjectConfigurationPlatforms) = postSolution
		{F414F9A4-2E47-412E-AF2E-C4626E48857C}.Debug|Any CPU.ActiveCfg = Debug|Any CPU
		{F414F9A4-2E47-412E-AF2E-C4626E48857C}.Debug|Any CPU.Build.0 = Debug|Any CPU
		{F414F9A4-2E47-412E-AF2E-C4626E48857C}.Release|Any CPU.ActiveCfg = Release|Any CPU
		{F414F9A4-2E47-412E-AF2E-C4626E48857C}.Release|Any CPU.Build.0 = Release|Any CPU
		{7E4CCD3F-8392-4F97-8BB7-52F50C95ADA8}.Debug|Any CPU.ActiveCfg = Debug|Any CPU
		{7E4CCD3F-8392-4F97-8BB7-52F50C95ADA8}.Debug|Any CPU.Build.0 = Debug|Any CPU
		{7E4CCD3F-8392-4F97-8BB7-52F50C95ADA8}.Release|Any CPU.ActiveCfg = Release|Any CPU
		{7E4CCD3F-8392-4F97-8BB7-52F50C95ADA8}.Release|Any CPU.Build.0 = Release|Any CPU
	EndGlobalSection
	GlobalSection(SolutionProperties) = preSolution
		HideSolutionNode = FALSE
	EndGlobalSection
	GlobalSection(ExtensibilityGlobals) = postSolution
		SolutionGuid = {5A116910-3963-4B32-8D59-C3CD77C7CB59}
	EndGlobalSection
EndGlobal
